{
  "name": "fn",
  "lockfileVersion": 2,
  "requires": true,
  "packages": {
    "": {
      "dependencies": {
        "@aibulat/fn": "^1.0.0"
      }
    },
    "node_modules/@aibulat/fn": {
      "version": "1.0.1",
      "resolved": "https://registry.npmjs.org/@aibulat/fn/-/fn-1.0.1.tgz",
      "integrity": "sha512-+PdClvnAVPZLEO/OazhtTgEsXM5G7xpclQsnnYQtlggedg+dFwX5OjVAmkWPgGCnP02OUE9aka+eLBtY/QDocw=="
    }
  },
  "dependencies": {
    "@aibulat/fn": {
      "version": "1.0.1",
      "resolved": "https://registry.npmjs.org/@aibulat/fn/-/fn-1.0.1.tgz",
      "integrity": "sha512-+PdClvnAVPZLEO/OazhtTgEsXM5G7xpclQsnnYQtlggedg+dFwX5OjVAmkWPgGCnP02OUE9aka+eLBtY/QDocw=="
    }
  }
}
